// !$*UTF8*$!
{
	archiveVersion = 1;
	classes = {
	};
	objectVersion = 56;
	objects = {

/* Begin PBXBuildFile section */
		9027594F2C3C8D3800AC8F0D /* Constants.swift in Sources */ = {isa = PBXBuildFile; fileRef = 9027594E2C3C8D3800AC8F0D /* Constants.swift */; };
		902759512C3C933E00AC8F0D /* DateFormatter+weekday Extension.swift in Sources */ = {isa = PBXBuildFile; fileRef = 902759502C3C933E00AC8F0D /* DateFormatter+weekday Extension.swift */; };
		902CA9932C43484A00DBF52C /* Array+Reoder Extendion.swift in Sources */ = {isa = PBXBuildFile; fileRef = 902CA9922C43484A00DBF52C /* Array+Reoder Extendion.swift */; };
		903B3EED2C27757B00B79BD3 /* NotRegularTrackerCreateViewController.swift in Sources */ = {isa = PBXBuildFile; fileRef = 903B3EEC2C27757B00B79BD3 /* NotRegularTrackerCreateViewController.swift */; };
		904FC6022C0C439700A6E2DB /* SF-Pro-Display-Bold.otf in Resources */ = {isa = PBXBuildFile; fileRef = 904FC6002C0C435800A6E2DB /* SF-Pro-Display-Bold.otf */; };
		904FC6032C0C439700A6E2DB /* SF-Pro-Display-Medium.otf in Resources */ = {isa = PBXBuildFile; fileRef = 904FC6012C0C435D00A6E2DB /* SF-Pro-Display-Medium.otf */; };
		904FC6042C0C439700A6E2DB /* SF-Pro-Display-Regular.otf in Resources */ = {isa = PBXBuildFile; fileRef = 904FC5FF2C0C435500A6E2DB /* SF-Pro-Display-Regular.otf */; };
		904FC6062C0C447D00A6E2DB /* SF-Pro.ttf in Resources */ = {isa = PBXBuildFile; fileRef = 904FC6052C0C447D00A6E2DB /* SF-Pro.ttf */; };
		9061D3792C20E9D2008C84D5 /* TrackerSupplementaryViewCell.swift in Sources */ = {isa = PBXBuildFile; fileRef = 9061D3782C20E9D2008C84D5 /* TrackerSupplementaryViewCell.swift */; };
		906E489E2C3A061B008035EC /* EmojiAndColorCollectionViewCell.swift in Sources */ = {isa = PBXBuildFile; fileRef = 906E489D2C3A061B008035EC /* EmojiAndColorCollectionViewCell.swift */; };
		906E48A02C3A0633008035EC /* EmojiAndColorsSupplementaryViewCell.swift in Sources */ = {isa = PBXBuildFile; fileRef = 906E489F2C3A0633008035EC /* EmojiAndColorsSupplementaryViewCell.swift */; };
		90704A442C0BBE2100C7CC57 /* TabBarViewController.swift in Sources */ = {isa = PBXBuildFile; fileRef = 90704A432C0BBE2100C7CC57 /* TabBarViewController.swift */; };
		90704A462C0BBF6C00C7CC57 /* StatisticViewController.swift in Sources */ = {isa = PBXBuildFile; fileRef = 90704A452C0BBF6C00C7CC57 /* StatisticViewController.swift */; };
		909178062C530C0300C5C847 /* UIColor+Hex Extension.swift in Sources */ = {isa = PBXBuildFile; fileRef = 909178052C530C0300C5C847 /* UIColor+Hex Extension.swift */; };
		9092E2EF2C6D5A5F0003E1BB /* UIViewController+hideKeyboard Extansion.swift in Sources */ = {isa = PBXBuildFile; fileRef = 9092E2EE2C6D5A5F0003E1BB /* UIViewController+hideKeyboard Extansion.swift */; };
		90B557672C444EA900DF01B7 /* TrackerCreateViewCell.swift in Sources */ = {isa = PBXBuildFile; fileRef = 90B557662C444EA900DF01B7 /* TrackerCreateViewCell.swift */; };
		90D505972C6AA9B700C0C7BD /* OnboardViewController.swift in Sources */ = {isa = PBXBuildFile; fileRef = 90D505942C6AA9B700C0C7BD /* OnboardViewController.swift */; };
		90D505982C6AA9B700C0C7BD /* TrackerPageViewController.swift in Sources */ = {isa = PBXBuildFile; fileRef = 90D505952C6AA9B700C0C7BD /* TrackerPageViewController.swift */; };
		90D8EC312C0A70F60050C398 /* Colors.swift in Sources */ = {isa = PBXBuildFile; fileRef = 90D8EC302C0A70F60050C398 /* Colors.swift */; };
		90DE585F2C0A655400351750 /* AppDelegate.swift in Sources */ = {isa = PBXBuildFile; fileRef = 90DE585E2C0A655400351750 /* AppDelegate.swift */; };
		90DE58612C0A655400351750 /* SceneDelegate.swift in Sources */ = {isa = PBXBuildFile; fileRef = 90DE58602C0A655400351750 /* SceneDelegate.swift */; };
		90DE58632C0A655400351750 /* TrackerViewController.swift in Sources */ = {isa = PBXBuildFile; fileRef = 90DE58622C0A655400351750 /* TrackerViewController.swift */; };
		90DE58682C0A655600351750 /* Assets.xcassets in Resources */ = {isa = PBXBuildFile; fileRef = 90DE58672C0A655600351750 /* Assets.xcassets */; };
		90DE586B2C0A655600351750 /* Base in Resources */ = {isa = PBXBuildFile; fileRef = 90DE586A2C0A655600351750 /* Base */; };
		90F8223F2C73C4AD0053DF20 /* TrackerCategoryEditor.swift in Sources */ = {isa = PBXBuildFile; fileRef = 90F8223E2C73C4AD0053DF20 /* TrackerCategoryEditor.swift */; };
		90F822412C73EBE10053DF20 /* RegularTrackerCreateViewController.swift in Sources */ = {isa = PBXBuildFile; fileRef = 90F822402C73EBE10053DF20 /* RegularTrackerCreateViewController.swift */; };
		9F6CEA312C13120B007BA364 /* Tracker.swift in Sources */ = {isa = PBXBuildFile; fileRef = 9F6CEA302C13120B007BA364 /* Tracker.swift */; };
		9F6CEA332C13122A007BA364 /* TrackerCategory.swift in Sources */ = {isa = PBXBuildFile; fileRef = 9F6CEA322C13122A007BA364 /* TrackerCategory.swift */; };
		9F6CEA352C13123D007BA364 /* TrackerRecord.swift in Sources */ = {isa = PBXBuildFile; fileRef = 9F6CEA342C13123D007BA364 /* TrackerRecord.swift */; };
		9F6D97382C4E55ED000A57A4 /* TrackerCategoryStore.swift in Sources */ = {isa = PBXBuildFile; fileRef = 9F6D97372C4E55ED000A57A4 /* TrackerCategoryStore.swift */; };
		9F6D973A2C4E5605000A57A4 /* TrackerStore.swift in Sources */ = {isa = PBXBuildFile; fileRef = 9F6D97392C4E5605000A57A4 /* TrackerStore.swift */; };
		9F6D973C2C4E561E000A57A4 /* TrackerRecordStore.swift in Sources */ = {isa = PBXBuildFile; fileRef = 9F6D973B2C4E561E000A57A4 /* TrackerRecordStore.swift */; };
		9F6D973E2C4E568D000A57A4 /* DataStore.swift in Sources */ = {isa = PBXBuildFile; fileRef = 9F6D973D2C4E568D000A57A4 /* DataStore.swift */; };
		9F8B4FB72C6F393E00FD0076 /* TrackerCategoryCreate.swift in Sources */ = {isa = PBXBuildFile; fileRef = 9F8B4FB62C6F393E00FD0076 /* TrackerCategoryCreate.swift */; };
		9F8F58D12C4A49C700A2CA34 /* TrackerCoreData.xcdatamodeld in Sources */ = {isa = PBXBuildFile; fileRef = 9F8F58CF2C4A49C700A2CA34 /* TrackerCoreData.xcdatamodeld */; };
		9F8F58D32C4A4F6700A2CA34 /* DaysValueTransformer.swift in Sources */ = {isa = PBXBuildFile; fileRef = 9F8F58D22C4A4F6700A2CA34 /* DaysValueTransformer.swift */; };
		9F9C1C0D2C6E44ED00798392 /* TrackerTableViewController.swift in Sources */ = {isa = PBXBuildFile; fileRef = 9F9C1C0C2C6E44ED00798392 /* TrackerTableViewController.swift */; };
		9F9E08032C75F95F002C847A /* TrackerCategoriesViewModel.swift in Sources */ = {isa = PBXBuildFile; fileRef = 9F9E08022C75F95F002C847A /* TrackerCategoriesViewModel.swift */; };
		9F9E7EC42C3FC8630032EA1D /* ScheduleViewController.swift in Sources */ = {isa = PBXBuildFile; fileRef = 9F9E7EC32C3FC8630032EA1D /* ScheduleViewController.swift */; };
		9F9EB6CA2C6CFC46008DF57E /* TrackerCategoriesList.swift in Sources */ = {isa = PBXBuildFile; fileRef = 9F9EB6C92C6CFC46008DF57E /* TrackerCategoriesList.swift */; };
		9F9EB6CC2C6D01FE008DF57E /* TrackerCategoriesListCell.swift in Sources */ = {isa = PBXBuildFile; fileRef = 9F9EB6CB2C6D01FE008DF57E /* TrackerCategoriesListCell.swift */; };
		9F9ED0F12C1C545A0013D4D4 /* TrackerCollectionViewCell.swift in Sources */ = {isa = PBXBuildFile; fileRef = 9F9ED0F02C1C545A0013D4D4 /* TrackerCollectionViewCell.swift */; };
		9F9ED0F32C1C6EAF0013D4D4 /* TrackerCellParameters.swift in Sources */ = {isa = PBXBuildFile; fileRef = 9F9ED0F22C1C6EAF0013D4D4 /* TrackerCellParameters.swift */; };
		9FA21B352C5A5311008D9D1A /* Date+Remove Time Day Extension.swift in Sources */ = {isa = PBXBuildFile; fileRef = 9FA21B342C5A5311008D9D1A /* Date+Remove Time Day Extension.swift */; };
		9FA950EC2C6B9E3800414C6F /* TrackerViewModel.swift in Sources */ = {isa = PBXBuildFile; fileRef = 9FA950EB2C6B9E3800414C6F /* TrackerViewModel.swift */; };
		9FA950EE2C6BA18000414C6F /* TrackerBinding.swift in Sources */ = {isa = PBXBuildFile; fileRef = 9FA950ED2C6BA18000414C6F /* TrackerBinding.swift */; };
		9FE74DBF2C219BF5007ACB54 /* Int+Days Extension.swift in Sources */ = {isa = PBXBuildFile; fileRef = 9FE74DBE2C219BF5007ACB54 /* Int+Days Extension.swift */; };
		9FE74DC12C21C1EA007ACB54 /* TrackerTypeSelectViewController.swift in Sources */ = {isa = PBXBuildFile; fileRef = 9FE74DC02C21C1EA007ACB54 /* TrackerTypeSelectViewController.swift */; };
/* End PBXBuildFile section */

/* Begin PBXFileReference section */
		9027594E2C3C8D3800AC8F0D /* Constants.swift */ = {isa = PBXFileReference; lastKnownFileType = sourcecode.swift; path = Constants.swift; sourceTree = "<group>"; };
		902759502C3C933E00AC8F0D /* DateFormatter+weekday Extension.swift */ = {isa = PBXFileReference; lastKnownFileType = sourcecode.swift; path = "DateFormatter+weekday Extension.swift"; sourceTree = "<group>"; };
		902CA9922C43484A00DBF52C /* Array+Reoder Extendion.swift */ = {isa = PBXFileReference; lastKnownFileType = sourcecode.swift; path = "Array+Reoder Extendion.swift"; sourceTree = "<group>"; };
		903B3EEC2C27757B00B79BD3 /* NotRegularTrackerCreateViewController.swift */ = {isa = PBXFileReference; lastKnownFileType = sourcecode.swift; path = NotRegularTrackerCreateViewController.swift; sourceTree = "<group>"; };
		904FC5FF2C0C435500A6E2DB /* SF-Pro-Display-Regular.otf */ = {isa = PBXFileReference; lastKnownFileType = file; path = "SF-Pro-Display-Regular.otf"; sourceTree = "<group>"; };
		904FC6002C0C435800A6E2DB /* SF-Pro-Display-Bold.otf */ = {isa = PBXFileReference; lastKnownFileType = file; path = "SF-Pro-Display-Bold.otf"; sourceTree = "<group>"; };
		904FC6012C0C435D00A6E2DB /* SF-Pro-Display-Medium.otf */ = {isa = PBXFileReference; lastKnownFileType = file; path = "SF-Pro-Display-Medium.otf"; sourceTree = "<group>"; };
		904FC6052C0C447D00A6E2DB /* SF-Pro.ttf */ = {isa = PBXFileReference; lastKnownFileType = file; path = "SF-Pro.ttf"; sourceTree = "<group>"; };
		9061D3782C20E9D2008C84D5 /* TrackerSupplementaryViewCell.swift */ = {isa = PBXFileReference; lastKnownFileType = sourcecode.swift; path = TrackerSupplementaryViewCell.swift; sourceTree = "<group>"; };
		906E489D2C3A061B008035EC /* EmojiAndColorCollectionViewCell.swift */ = {isa = PBXFileReference; lastKnownFileType = sourcecode.swift; path = EmojiAndColorCollectionViewCell.swift; sourceTree = "<group>"; };
		906E489F2C3A0633008035EC /* EmojiAndColorsSupplementaryViewCell.swift */ = {isa = PBXFileReference; lastKnownFileType = sourcecode.swift; path = EmojiAndColorsSupplementaryViewCell.swift; sourceTree = "<group>"; };
		90704A432C0BBE2100C7CC57 /* TabBarViewController.swift */ = {isa = PBXFileReference; lastKnownFileType = sourcecode.swift; path = TabBarViewController.swift; sourceTree = "<group>"; };
		90704A452C0BBF6C00C7CC57 /* StatisticViewController.swift */ = {isa = PBXFileReference; lastKnownFileType = sourcecode.swift; path = StatisticViewController.swift; sourceTree = "<group>"; };
		909178052C530C0300C5C847 /* UIColor+Hex Extension.swift */ = {isa = PBXFileReference; lastKnownFileType = sourcecode.swift; path = "UIColor+Hex Extension.swift"; sourceTree = "<group>"; };
		9092E2EE2C6D5A5F0003E1BB /* UIViewController+hideKeyboard Extansion.swift */ = {isa = PBXFileReference; lastKnownFileType = sourcecode.swift; path = "UIViewController+hideKeyboard Extansion.swift"; sourceTree = "<group>"; };
		90B557662C444EA900DF01B7 /* TrackerCreateViewCell.swift */ = {isa = PBXFileReference; lastKnownFileType = sourcecode.swift; path = TrackerCreateViewCell.swift; sourceTree = "<group>"; };
		90D505942C6AA9B700C0C7BD /* OnboardViewController.swift */ = {isa = PBXFileReference; fileEncoding = 4; lastKnownFileType = sourcecode.swift; path = OnboardViewController.swift; sourceTree = "<group>"; };
		90D505952C6AA9B700C0C7BD /* TrackerPageViewController.swift */ = {isa = PBXFileReference; fileEncoding = 4; lastKnownFileType = sourcecode.swift; path = TrackerPageViewController.swift; sourceTree = "<group>"; };
		90D8EC302C0A70F60050C398 /* Colors.swift */ = {isa = PBXFileReference; lastKnownFileType = sourcecode.swift; path = Colors.swift; sourceTree = "<group>"; };
		90DE585B2C0A655400351750 /* Tracker.app */ = {isa = PBXFileReference; explicitFileType = wrapper.application; includeInIndex = 0; path = Tracker.app; sourceTree = BUILT_PRODUCTS_DIR; };
		90DE585E2C0A655400351750 /* AppDelegate.swift */ = {isa = PBXFileReference; lastKnownFileType = sourcecode.swift; path = AppDelegate.swift; sourceTree = "<group>"; };
		90DE58602C0A655400351750 /* SceneDelegate.swift */ = {isa = PBXFileReference; lastKnownFileType = sourcecode.swift; path = SceneDelegate.swift; sourceTree = "<group>"; };
		90DE58622C0A655400351750 /* TrackerViewController.swift */ = {isa = PBXFileReference; lastKnownFileType = sourcecode.swift; path = TrackerViewController.swift; sourceTree = "<group>"; };
		90DE58672C0A655600351750 /* Assets.xcassets */ = {isa = PBXFileReference; lastKnownFileType = folder.assetcatalog; path = Assets.xcassets; sourceTree = "<group>"; };
		90DE586A2C0A655600351750 /* Base */ = {isa = PBXFileReference; lastKnownFileType = file.storyboard; name = Base; path = Base.lproj/LaunchScreen.storyboard; sourceTree = "<group>"; };
		90DE586C2C0A655600351750 /* Info.plist */ = {isa = PBXFileReference; lastKnownFileType = text.plist.xml; path = Info.plist; sourceTree = "<group>"; };
		90F8223E2C73C4AD0053DF20 /* TrackerCategoryEditor.swift */ = {isa = PBXFileReference; lastKnownFileType = sourcecode.swift; path = TrackerCategoryEditor.swift; sourceTree = "<group>"; };
		90F822402C73EBE10053DF20 /* RegularTrackerCreateViewController.swift */ = {isa = PBXFileReference; lastKnownFileType = sourcecode.swift; path = RegularTrackerCreateViewController.swift; sourceTree = "<group>"; };
		9F6CEA302C13120B007BA364 /* Tracker.swift */ = {isa = PBXFileReference; lastKnownFileType = sourcecode.swift; path = Tracker.swift; sourceTree = "<group>"; };
		9F6CEA322C13122A007BA364 /* TrackerCategory.swift */ = {isa = PBXFileReference; lastKnownFileType = sourcecode.swift; path = TrackerCategory.swift; sourceTree = "<group>"; };
		9F6CEA342C13123D007BA364 /* TrackerRecord.swift */ = {isa = PBXFileReference; lastKnownFileType = sourcecode.swift; path = TrackerRecord.swift; sourceTree = "<group>"; };
		9F6D97372C4E55ED000A57A4 /* TrackerCategoryStore.swift */ = {isa = PBXFileReference; lastKnownFileType = sourcecode.swift; path = TrackerCategoryStore.swift; sourceTree = "<group>"; };
		9F6D97392C4E5605000A57A4 /* TrackerStore.swift */ = {isa = PBXFileReference; lastKnownFileType = sourcecode.swift; path = TrackerStore.swift; sourceTree = "<group>"; };
		9F6D973B2C4E561E000A57A4 /* TrackerRecordStore.swift */ = {isa = PBXFileReference; lastKnownFileType = sourcecode.swift; path = TrackerRecordStore.swift; sourceTree = "<group>"; };
		9F6D973D2C4E568D000A57A4 /* DataStore.swift */ = {isa = PBXFileReference; lastKnownFileType = sourcecode.swift; path = DataStore.swift; sourceTree = "<group>"; };
		9F8B4FB62C6F393E00FD0076 /* TrackerCategoryCreate.swift */ = {isa = PBXFileReference; lastKnownFileType = sourcecode.swift; path = TrackerCategoryCreate.swift; sourceTree = "<group>"; };
		9F8F58D02C4A49C700A2CA34 /* TrackerCoreData.xcdatamodel */ = {isa = PBXFileReference; lastKnownFileType = wrapper.xcdatamodel; path = TrackerCoreData.xcdatamodel; sourceTree = "<group>"; };
		9F8F58D22C4A4F6700A2CA34 /* DaysValueTransformer.swift */ = {isa = PBXFileReference; lastKnownFileType = sourcecode.swift; path = DaysValueTransformer.swift; sourceTree = "<group>"; };
		9F9C1C0C2C6E44ED00798392 /* TrackerTableViewController.swift */ = {isa = PBXFileReference; lastKnownFileType = sourcecode.swift; path = TrackerTableViewController.swift; sourceTree = "<group>"; };
		9F9E08022C75F95F002C847A /* TrackerCategoriesViewModel.swift */ = {isa = PBXFileReference; lastKnownFileType = sourcecode.swift; path = TrackerCategoriesViewModel.swift; sourceTree = "<group>"; };
		9F9E7EC32C3FC8630032EA1D /* ScheduleViewController.swift */ = {isa = PBXFileReference; lastKnownFileType = sourcecode.swift; path = ScheduleViewController.swift; sourceTree = "<group>"; };
		9F9EB6C92C6CFC46008DF57E /* TrackerCategoriesList.swift */ = {isa = PBXFileReference; lastKnownFileType = sourcecode.swift; path = TrackerCategoriesList.swift; sourceTree = "<group>"; };
		9F9EB6CB2C6D01FE008DF57E /* TrackerCategoriesListCell.swift */ = {isa = PBXFileReference; lastKnownFileType = sourcecode.swift; path = TrackerCategoriesListCell.swift; sourceTree = "<group>"; };
		9F9ED0F02C1C545A0013D4D4 /* TrackerCollectionViewCell.swift */ = {isa = PBXFileReference; lastKnownFileType = sourcecode.swift; path = TrackerCollectionViewCell.swift; sourceTree = "<group>"; };
		9F9ED0F22C1C6EAF0013D4D4 /* TrackerCellParameters.swift */ = {isa = PBXFileReference; lastKnownFileType = sourcecode.swift; path = TrackerCellParameters.swift; sourceTree = "<group>"; };
		9FA21B342C5A5311008D9D1A /* Date+Remove Time Day Extension.swift */ = {isa = PBXFileReference; lastKnownFileType = sourcecode.swift; path = "Date+Remove Time Day Extension.swift"; sourceTree = "<group>"; };
		9FA950EB2C6B9E3800414C6F /* TrackerViewModel.swift */ = {isa = PBXFileReference; lastKnownFileType = sourcecode.swift; path = TrackerViewModel.swift; sourceTree = "<group>"; };
		9FA950ED2C6BA18000414C6F /* TrackerBinding.swift */ = {isa = PBXFileReference; lastKnownFileType = sourcecode.swift; path = TrackerBinding.swift; sourceTree = "<group>"; };
		9FE74DBE2C219BF5007ACB54 /* Int+Days Extension.swift */ = {isa = PBXFileReference; lastKnownFileType = sourcecode.swift; path = "Int+Days Extension.swift"; sourceTree = "<group>"; };
		9FE74DC02C21C1EA007ACB54 /* TrackerTypeSelectViewController.swift */ = {isa = PBXFileReference; lastKnownFileType = sourcecode.swift; path = TrackerTypeSelectViewController.swift; sourceTree = "<group>"; };
/* End PBXFileReference section */

/* Begin PBXFrameworksBuildPhase section */
		90DE58582C0A655400351750 /* Frameworks */ = {
			isa = PBXFrameworksBuildPhase;
			buildActionMask = 2147483647;
			files = (
			);
			runOnlyForDeploymentPostprocessing = 0;
		};
/* End PBXFrameworksBuildPhase section */

/* Begin PBXGroup section */
		9020E9322C0A70D1002E57B5 /* Resourses */ = {
			isa = PBXGroup;
			children = (
				904FC5FE2C0C41E200A6E2DB /* Fonts */,
				90D8EC302C0A70F60050C398 /* Colors.swift */,
				9027594E2C3C8D3800AC8F0D /* Constants.swift */,
			);
			path = Resourses;
			sourceTree = "<group>";
		};
		904FC5FE2C0C41E200A6E2DB /* Fonts */ = {
			isa = PBXGroup;
			children = (
				904FC6052C0C447D00A6E2DB /* SF-Pro.ttf */,
				904FC6002C0C435800A6E2DB /* SF-Pro-Display-Bold.otf */,
				904FC6012C0C435D00A6E2DB /* SF-Pro-Display-Medium.otf */,
				904FC5FF2C0C435500A6E2DB /* SF-Pro-Display-Regular.otf */,
			);
			path = Fonts;
			sourceTree = "<group>";
		};
		906E489C2C3A0570008035EC /* TrackerCreateView */ = {
			isa = PBXGroup;
			children = (
				90F822402C73EBE10053DF20 /* RegularTrackerCreateViewController.swift */,
				903B3EEC2C27757B00B79BD3 /* NotRegularTrackerCreateViewController.swift */,
				906E489D2C3A061B008035EC /* EmojiAndColorCollectionViewCell.swift */,
				906E489F2C3A0633008035EC /* EmojiAndColorsSupplementaryViewCell.swift */,
				90B557662C444EA900DF01B7 /* TrackerCreateViewCell.swift */,
			);
			path = TrackerCreateView;
			sourceTree = "<group>";
		};
		90D505962C6AA9B700C0C7BD /* OnboardViewController */ = {
			isa = PBXGroup;
			children = (
				90D505942C6AA9B700C0C7BD /* OnboardViewController.swift */,
				90D505952C6AA9B700C0C7BD /* TrackerPageViewController.swift */,
			);
			name = OnboardViewController;
			path = Tracker/OnboardViewController;
			sourceTree = SOURCE_ROOT;
		};
		90DE58522C0A655400351750 = {
			isa = PBXGroup;
			children = (
				9F8F58CF2C4A49C700A2CA34 /* TrackerCoreData.xcdatamodeld */,
				9F8F58D22C4A4F6700A2CA34 /* DaysValueTransformer.swift */,
				90DE585E2C0A655400351750 /* AppDelegate.swift */,
				90DE58602C0A655400351750 /* SceneDelegate.swift */,
				90DE585D2C0A655400351750 /* Tracker */,
				90DE585C2C0A655400351750 /* Products */,
			);
			sourceTree = "<group>";
		};
		90DE585C2C0A655400351750 /* Products */ = {
			isa = PBXGroup;
			children = (
				90DE585B2C0A655400351750 /* Tracker.app */,
			);
			name = Products;
			sourceTree = "<group>";
		};
		90DE585D2C0A655400351750 /* Tracker */ = {
			isa = PBXGroup;
			children = (
				9F6CEA2F2C1311E8007BA364 /* Models */,
				9F6D97332C4E5591000A57A4 /* DataStores */,
				9FE74DBD2C219BD1007ACB54 /* Extensions */,
				9020E9322C0A70D1002E57B5 /* Resourses */,
				90704A432C0BBE2100C7CC57 /* TabBarViewController.swift */,
				90D505962C6AA9B700C0C7BD /* OnboardViewController */,
				9FA7612C2C3EBEF70006A0D6 /* TrackercMainView */,
				9FA7612D2C3EBF600006A0D6 /* StatisticView */,
				9FA7612E2C3EC2370006A0D6 /* TrackerTypeSelectView */,
				906E489C2C3A0570008035EC /* TrackerCreateView */,
				9F9EB6C82C6CFC02008DF57E /* TrackerCategoriesList */,
				9F9E7EC22C3FC83C0032EA1D /* ScheduleViewController */,
				90DE58672C0A655600351750 /* Assets.xcassets */,
				90DE58692C0A655600351750 /* LaunchScreen.storyboard */,
				90DE586C2C0A655600351750 /* Info.plist */,
			);
			path = Tracker;
			sourceTree = "<group>";
		};
		9F6CEA2F2C1311E8007BA364 /* Models */ = {
			isa = PBXGroup;
			children = (
				9F6CEA302C13120B007BA364 /* Tracker.swift */,
				9F6CEA322C13122A007BA364 /* TrackerCategory.swift */,
				9F6CEA342C13123D007BA364 /* TrackerRecord.swift */,
				9F9ED0F22C1C6EAF0013D4D4 /* TrackerCellParameters.swift */,
			);
			path = Models;
			sourceTree = "<group>";
		};
		9F6D97332C4E5591000A57A4 /* DataStores */ = {
			isa = PBXGroup;
			children = (
				9F6D973D2C4E568D000A57A4 /* DataStore.swift */,
				9F6D97372C4E55ED000A57A4 /* TrackerCategoryStore.swift */,
				9F6D97392C4E5605000A57A4 /* TrackerStore.swift */,
				9F6D973B2C4E561E000A57A4 /* TrackerRecordStore.swift */,
			);
			path = DataStores;
			sourceTree = "<group>";
		};
		9F9E7EC22C3FC83C0032EA1D /* ScheduleViewController */ = {
			isa = PBXGroup;
			children = (
				9F9E7EC32C3FC8630032EA1D /* ScheduleViewController.swift */,
			);
			path = ScheduleViewController;
			sourceTree = "<group>";
		};
		9F9EB6C82C6CFC02008DF57E /* TrackerCategoriesList */ = {
			isa = PBXGroup;
			children = (
				9F9EB6C92C6CFC46008DF57E /* TrackerCategoriesList.swift */,
				9F9C1C0C2C6E44ED00798392 /* TrackerTableViewController.swift */,
				9F9EB6CB2C6D01FE008DF57E /* TrackerCategoriesListCell.swift */,
				9F9E08022C75F95F002C847A /* TrackerCategoriesViewModel.swift */,
				9F8B4FB62C6F393E00FD0076 /* TrackerCategoryCreate.swift */,
				90F8223E2C73C4AD0053DF20 /* TrackerCategoryEditor.swift */,
			);
			path = TrackerCategoriesList;
			sourceTree = "<group>";
		};
		9FA7612C2C3EBEF70006A0D6 /* TrackercMainView */ = {
			isa = PBXGroup;
			children = (
				90DE58622C0A655400351750 /* TrackerViewController.swift */,
				9FA950EB2C6B9E3800414C6F /* TrackerViewModel.swift */,
				9F9ED0F02C1C545A0013D4D4 /* TrackerCollectionViewCell.swift */,
				9061D3782C20E9D2008C84D5 /* TrackerSupplementaryViewCell.swift */,
				9FA950ED2C6BA18000414C6F /* TrackerBinding.swift */,
			);
			path = TrackercMainView;
			sourceTree = "<group>";
		};
		9FA7612D2C3EBF600006A0D6 /* StatisticView */ = {
			isa = PBXGroup;
			children = (
				90704A452C0BBF6C00C7CC57 /* StatisticViewController.swift */,
			);
			path = StatisticView;
			sourceTree = "<group>";
		};
		9FA7612E2C3EC2370006A0D6 /* TrackerTypeSelectView */ = {
			isa = PBXGroup;
			children = (
				9FE74DC02C21C1EA007ACB54 /* TrackerTypeSelectViewController.swift */,
			);
			path = TrackerTypeSelectView;
			sourceTree = "<group>";
		};
		9FE74DBD2C219BD1007ACB54 /* Extensions */ = {
			isa = PBXGroup;
			children = (
				9FE74DBE2C219BF5007ACB54 /* Int+Days Extension.swift */,
				902759502C3C933E00AC8F0D /* DateFormatter+weekday Extension.swift */,
				902CA9922C43484A00DBF52C /* Array+Reoder Extendion.swift */,
				909178052C530C0300C5C847 /* UIColor+Hex Extension.swift */,
				9FA21B342C5A5311008D9D1A /* Date+Remove Time Day Extension.swift */,
				9092E2EE2C6D5A5F0003E1BB /* UIViewController+hideKeyboard Extansion.swift */,
			);
			path = Extensions;
			sourceTree = "<group>";
		};
/* End PBXGroup section */

/* Begin PBXNativeTarget section */
		90DE585A2C0A655400351750 /* Tracker */ = {
			isa = PBXNativeTarget;
			buildConfigurationList = 90DE586F2C0A655600351750 /* Build configuration list for PBXNativeTarget "Tracker" */;
			buildPhases = (
				90DE58572C0A655400351750 /* Sources */,
				90DE58582C0A655400351750 /* Frameworks */,
				90DE58592C0A655400351750 /* Resources */,
			);
			buildRules = (
			);
			dependencies = (
			);
			name = Tracker;
			productName = Tracker;
			productReference = 90DE585B2C0A655400351750 /* Tracker.app */;
			productType = "com.apple.product-type.application";
		};
/* End PBXNativeTarget section */

/* Begin PBXProject section */
		90DE58532C0A655400351750 /* Project object */ = {
			isa = PBXProject;
			attributes = {
				BuildIndependentTargetsInParallel = 1;
				LastSwiftUpdateCheck = 1540;
				LastUpgradeCheck = 1540;
				TargetAttributes = {
					90DE585A2C0A655400351750 = {
						CreatedOnToolsVersion = 15.4;
					};
				};
			};
			buildConfigurationList = 90DE58562C0A655400351750 /* Build configuration list for PBXProject "Tracker" */;
			compatibilityVersion = "Xcode 14.0";
			developmentRegion = en;
			hasScannedForEncodings = 0;
			knownRegions = (
				en,
				Base,
			);
			mainGroup = 90DE58522C0A655400351750;
			productRefGroup = 90DE585C2C0A655400351750 /* Products */;
			projectDirPath = "";
			projectRoot = "";
			targets = (
				90DE585A2C0A655400351750 /* Tracker */,
			);
		};
/* End PBXProject section */

/* Begin PBXResourcesBuildPhase section */
		90DE58592C0A655400351750 /* Resources */ = {
			isa = PBXResourcesBuildPhase;
			buildActionMask = 2147483647;
			files = (
				904FC6022C0C439700A6E2DB /* SF-Pro-Display-Bold.otf in Resources */,
				904FC6062C0C447D00A6E2DB /* SF-Pro.ttf in Resources */,
				904FC6032C0C439700A6E2DB /* SF-Pro-Display-Medium.otf in Resources */,
				904FC6042C0C439700A6E2DB /* SF-Pro-Display-Regular.otf in Resources */,
				90DE58682C0A655600351750 /* Assets.xcassets in Resources */,
				90DE586B2C0A655600351750 /* Base in Resources */,
			);
			runOnlyForDeploymentPostprocessing = 0;
		};
/* End PBXResourcesBuildPhase section */

/* Begin PBXSourcesBuildPhase section */
		90DE58572C0A655400351750 /* Sources */ = {
			isa = PBXSourcesBuildPhase;
			buildActionMask = 2147483647;
			files = (
				9F9EB6CC2C6D01FE008DF57E /* TrackerCategoriesListCell.swift in Sources */,
				9F9EB6CA2C6CFC46008DF57E /* TrackerCategoriesList.swift in Sources */,
				90DE58632C0A655400351750 /* TrackerViewController.swift in Sources */,
				9027594F2C3C8D3800AC8F0D /* Constants.swift in Sources */,
				90D505982C6AA9B700C0C7BD /* TrackerPageViewController.swift in Sources */,
				9F8F58D12C4A49C700A2CA34 /* TrackerCoreData.xcdatamodeld in Sources */,
				9061D3792C20E9D2008C84D5 /* TrackerSupplementaryViewCell.swift in Sources */,
				9FA21B352C5A5311008D9D1A /* Date+Remove Time Day Extension.swift in Sources */,
				902CA9932C43484A00DBF52C /* Array+Reoder Extendion.swift in Sources */,
				90D8EC312C0A70F60050C398 /* Colors.swift in Sources */,
				9F8F58D32C4A4F6700A2CA34 /* DaysValueTransformer.swift in Sources */,
				9F6CEA332C13122A007BA364 /* TrackerCategory.swift in Sources */,
				9F6D973A2C4E5605000A57A4 /* TrackerStore.swift in Sources */,
				906E48A02C3A0633008035EC /* EmojiAndColorsSupplementaryViewCell.swift in Sources */,
				9F9E08032C75F95F002C847A /* TrackerCategoriesViewModel.swift in Sources */,
				90B557672C444EA900DF01B7 /* TrackerCreateViewCell.swift in Sources */,
				90D505972C6AA9B700C0C7BD /* OnboardViewController.swift in Sources */,
				90DE585F2C0A655400351750 /* AppDelegate.swift in Sources */,
				90704A462C0BBF6C00C7CC57 /* StatisticViewController.swift in Sources */,
				9F9C1C0D2C6E44ED00798392 /* TrackerTableViewController.swift in Sources */,
				9F6CEA352C13123D007BA364 /* TrackerRecord.swift in Sources */,
				906E489E2C3A061B008035EC /* EmojiAndColorCollectionViewCell.swift in Sources */,
				9F6D97382C4E55ED000A57A4 /* TrackerCategoryStore.swift in Sources */,
				90704A442C0BBE2100C7CC57 /* TabBarViewController.swift in Sources */,
				9FA950EC2C6B9E3800414C6F /* TrackerViewModel.swift in Sources */,
				9F8B4FB72C6F393E00FD0076 /* TrackerCategoryCreate.swift in Sources */,
				9F9E7EC42C3FC8630032EA1D /* ScheduleViewController.swift in Sources */,
				90DE58612C0A655400351750 /* SceneDelegate.swift in Sources */,
				9FE74DC12C21C1EA007ACB54 /* TrackerTypeSelectViewController.swift in Sources */,
				9FE74DBF2C219BF5007ACB54 /* Int+Days Extension.swift in Sources */,
				9F6D973E2C4E568D000A57A4 /* DataStore.swift in Sources */,
				902759512C3C933E00AC8F0D /* DateFormatter+weekday Extension.swift in Sources */,
				90F8223F2C73C4AD0053DF20 /* TrackerCategoryEditor.swift in Sources */,
				9F6D973C2C4E561E000A57A4 /* TrackerRecordStore.swift in Sources */,
				9FA950EE2C6BA18000414C6F /* TrackerBinding.swift in Sources */,
				903B3EED2C27757B00B79BD3 /* NotRegularTrackerCreateViewController.swift in Sources */,
				9F9ED0F32C1C6EAF0013D4D4 /* TrackerCellParameters.swift in Sources */,
				9F6CEA312C13120B007BA364 /* Tracker.swift in Sources */,
				90F822412C73EBE10053DF20 /* RegularTrackerCreateViewController.swift in Sources */,
				9F9ED0F12C1C545A0013D4D4 /* TrackerCollectionViewCell.swift in Sources */,
				909178062C530C0300C5C847 /* UIColor+Hex Extension.swift in Sources */,
				9092E2EF2C6D5A5F0003E1BB /* UIViewController+hideKeyboard Extansion.swift in Sources */,
			);
			runOnlyForDeploymentPostprocessing = 0;
		};
/* End PBXSourcesBuildPhase section */

/* Begin PBXVariantGroup section */
		90DE58692C0A655600351750 /* LaunchScreen.storyboard */ = {
			isa = PBXVariantGroup;
			children = (
				90DE586A2C0A655600351750 /* Base */,
			);
			name = LaunchScreen.storyboard;
			sourceTree = "<group>";
		};
/* End PBXVariantGroup section */

/* Begin XCBuildConfiguration section */
		90DE586D2C0A655600351750 /* Debug */ = {
			isa = XCBuildConfiguration;
			buildSettings = {
				ALWAYS_SEARCH_USER_PATHS = NO;
				ASSETCATALOG_COMPILER_GENERATE_SWIFT_ASSET_SYMBOL_EXTENSIONS = YES;
				CLANG_ANALYZER_NONNULL = YES;
				CLANG_ANALYZER_NUMBER_OBJECT_CONVERSION = YES_AGGRESSIVE;
				CLANG_CXX_LANGUAGE_STANDARD = "gnu++20";
				CLANG_ENABLE_MODULES = YES;
				CLANG_ENABLE_OBJC_ARC = YES;
				CLANG_ENABLE_OBJC_WEAK = YES;
				CLANG_WARN_BLOCK_CAPTURE_AUTORELEASING = YES;
				CLANG_WARN_BOOL_CONVERSION = YES;
				CLANG_WARN_COMMA = YES;
				CLANG_WARN_CONSTANT_CONVERSION = YES;
				CLANG_WARN_DEPRECATED_OBJC_IMPLEMENTATIONS = YES;
				CLANG_WARN_DIRECT_OBJC_ISA_USAGE = YES_ERROR;
				CLANG_WARN_DOCUMENTATION_COMMENTS = YES;
				CLANG_WARN_EMPTY_BODY = YES;
				CLANG_WARN_ENUM_CONVERSION = YES;
				CLANG_WARN_INFINITE_RECURSION = YES;
				CLANG_WARN_INT_CONVERSION = YES;
				CLANG_WARN_NON_LITERAL_NULL_CONVERSION = YES;
				CLANG_WARN_OBJC_IMPLICIT_RETAIN_SELF = YES;
				CLANG_WARN_OBJC_LITERAL_CONVERSION = YES;
				CLANG_WARN_OBJC_ROOT_CLASS = YES_ERROR;
				CLANG_WARN_QUOTED_INCLUDE_IN_FRAMEWORK_HEADER = YES;
				CLANG_WARN_RANGE_LOOP_ANALYSIS = YES;
				CLANG_WARN_STRICT_PROTOTYPES = YES;
				CLANG_WARN_SUSPICIOUS_MOVE = YES;
				CLANG_WARN_UNGUARDED_AVAILABILITY = YES_AGGRESSIVE;
				CLANG_WARN_UNREACHABLE_CODE = YES;
				CLANG_WARN__DUPLICATE_METHOD_MATCH = YES;
				COPY_PHASE_STRIP = NO;
				DEBUG_INFORMATION_FORMAT = dwarf;
				ENABLE_STRICT_OBJC_MSGSEND = YES;
				ENABLE_TESTABILITY = YES;
				ENABLE_USER_SCRIPT_SANDBOXING = YES;
				GCC_C_LANGUAGE_STANDARD = gnu17;
				GCC_DYNAMIC_NO_PIC = NO;
				GCC_NO_COMMON_BLOCKS = YES;
				GCC_OPTIMIZATION_LEVEL = 0;
				GCC_PREPROCESSOR_DEFINITIONS = (
					"DEBUG=1",
					"$(inherited)",
				);
				GCC_WARN_64_TO_32_BIT_CONVERSION = YES;
				GCC_WARN_ABOUT_RETURN_TYPE = YES_ERROR;
				GCC_WARN_UNDECLARED_SELECTOR = YES;
				GCC_WARN_UNINITIALIZED_AUTOS = YES_AGGRESSIVE;
				GCC_WARN_UNUSED_FUNCTION = YES;
				GCC_WARN_UNUSED_VARIABLE = YES;
				IPHONEOS_DEPLOYMENT_TARGET = 13.4;
				LOCALIZATION_PREFERS_STRING_CATALOGS = YES;
				MTL_ENABLE_DEBUG_INFO = INCLUDE_SOURCE;
				MTL_FAST_MATH = YES;
				ONLY_ACTIVE_ARCH = YES;
				SDKROOT = iphoneos;
				SWIFT_ACTIVE_COMPILATION_CONDITIONS = "DEBUG $(inherited)";
				SWIFT_OPTIMIZATION_LEVEL = "-Onone";
			};
			name = Debug;
		};
		90DE586E2C0A655600351750 /* Release */ = {
			isa = XCBuildConfiguration;
			buildSettings = {
				ALWAYS_SEARCH_USER_PATHS = NO;
				ASSETCATALOG_COMPILER_GENERATE_SWIFT_ASSET_SYMBOL_EXTENSIONS = YES;
				CLANG_ANALYZER_NONNULL = YES;
				CLANG_ANALYZER_NUMBER_OBJECT_CONVERSION = YES_AGGRESSIVE;
				CLANG_CXX_LANGUAGE_STANDARD = "gnu++20";
				CLANG_ENABLE_MODULES = YES;
				CLANG_ENABLE_OBJC_ARC = YES;
				CLANG_ENABLE_OBJC_WEAK = YES;
				CLANG_WARN_BLOCK_CAPTURE_AUTORELEASING = YES;
				CLANG_WARN_BOOL_CONVERSION = YES;
				CLANG_WARN_COMMA = YES;
				CLANG_WARN_CONSTANT_CONVERSION = YES;
				CLANG_WARN_DEPRECATED_OBJC_IMPLEMENTATIONS = YES;
				CLANG_WARN_DIRECT_OBJC_ISA_USAGE = YES_ERROR;
				CLANG_WARN_DOCUMENTATION_COMMENTS = YES;
				CLANG_WARN_EMPTY_BODY = YES;
				CLANG_WARN_ENUM_CONVERSION = YES;
				CLANG_WARN_INFINITE_RECURSION = YES;
				CLANG_WARN_INT_CONVERSION = YES;
				CLANG_WARN_NON_LITERAL_NULL_CONVERSION = YES;
				CLANG_WARN_OBJC_IMPLICIT_RETAIN_SELF = YES;
				CLANG_WARN_OBJC_LITERAL_CONVERSION = YES;
				CLANG_WARN_OBJC_ROOT_CLASS = YES_ERROR;
				CLANG_WARN_QUOTED_INCLUDE_IN_FRAMEWORK_HEADER = YES;
				CLANG_WARN_RANGE_LOOP_ANALYSIS = YES;
				CLANG_WARN_STRICT_PROTOTYPES = YES;
				CLANG_WARN_SUSPICIOUS_MOVE = YES;
				CLANG_WARN_UNGUARDED_AVAILABILITY = YES_AGGRESSIVE;
				CLANG_WARN_UNREACHABLE_CODE = YES;
				CLANG_WARN__DUPLICATE_METHOD_MATCH = YES;
				COPY_PHASE_STRIP = NO;
				DEBUG_INFORMATION_FORMAT = "dwarf-with-dsym";
				ENABLE_NS_ASSERTIONS = NO;
				ENABLE_STRICT_OBJC_MSGSEND = YES;
				ENABLE_USER_SCRIPT_SANDBOXING = YES;
				GCC_C_LANGUAGE_STANDARD = gnu17;
				GCC_NO_COMMON_BLOCKS = YES;
				GCC_WARN_64_TO_32_BIT_CONVERSION = YES;
				GCC_WARN_ABOUT_RETURN_TYPE = YES_ERROR;
				GCC_WARN_UNDECLARED_SELECTOR = YES;
				GCC_WARN_UNINITIALIZED_AUTOS = YES_AGGRESSIVE;
				GCC_WARN_UNUSED_FUNCTION = YES;
				GCC_WARN_UNUSED_VARIABLE = YES;
				IPHONEOS_DEPLOYMENT_TARGET = 13.4;
				LOCALIZATION_PREFERS_STRING_CATALOGS = YES;
				MTL_ENABLE_DEBUG_INFO = NO;
				MTL_FAST_MATH = YES;
				SDKROOT = iphoneos;
				SWIFT_COMPILATION_MODE = wholemodule;
				VALIDATE_PRODUCT = YES;
			};
			name = Release;
		};
		90DE58702C0A655600351750 /* Debug */ = {
			isa = XCBuildConfiguration;
			buildSettings = {
				ASSETCATALOG_COMPILER_APPICON_NAME = AppIcon;
				ASSETCATALOG_COMPILER_GLOBAL_ACCENT_COLOR_NAME = AccentColor;
				CODE_SIGN_STYLE = Automatic;
				CURRENT_PROJECT_VERSION = 1;
				DEVELOPMENT_TEAM = 25PDYCB3UJ;
				GENERATE_INFOPLIST_FILE = YES;
				INFOPLIST_FILE = Tracker/Info.plist;
				INFOPLIST_KEY_LSApplicationCategoryType = "public.app-category.entertainment";
				INFOPLIST_KEY_UIApplicationSupportsIndirectInputEvents = YES;
				INFOPLIST_KEY_UILaunchStoryboardName = LaunchScreen;
				INFOPLIST_KEY_UISupportedInterfaceOrientations = UIInterfaceOrientationPortrait;
				INFOPLIST_KEY_UISupportedInterfaceOrientations_iPad = "UIInterfaceOrientationLandscapeLeft UIInterfaceOrientationLandscapeRight UIInterfaceOrientationPortrait UIInterfaceOrientationPortraitUpsideDown";
				LD_RUNPATH_SEARCH_PATHS = (
					"$(inherited)",
					"@executable_path/Frameworks",
				);
				MARKETING_VERSION = 1.0;
				PRODUCT_BUNDLE_IDENTIFIER = ru.artlabe.team.Tracker;
				PRODUCT_NAME = "$(TARGET_NAME)";
				SUPPORTED_PLATFORMS = "iphoneos iphonesimulator";
				SUPPORTS_MACCATALYST = NO;
				SUPPORTS_MAC_DESIGNED_FOR_IPHONE_IPAD = NO;
				SUPPORTS_XR_DESIGNED_FOR_IPHONE_IPAD = NO;
				SWIFT_EMIT_LOC_STRINGS = YES;
				SWIFT_VERSION = 5.0;
				TARGETED_DEVICE_FAMILY = 1;
			};
			name = Debug;
		};
		90DE58712C0A655600351750 /* Release */ = {
			isa = XCBuildConfiguration;
			buildSettings = {
				ASSETCATALOG_COMPILER_APPICON_NAME = AppIcon;
				ASSETCATALOG_COMPILER_GLOBAL_ACCENT_COLOR_NAME = AccentColor;
				CODE_SIGN_STYLE = Automatic;
				CURRENT_PROJECT_VERSION = 1;
				DEVELOPMENT_TEAM = 25PDYCB3UJ;
				GENERATE_INFOPLIST_FILE = YES;
				INFOPLIST_FILE = Tracker/Info.plist;
				INFOPLIST_KEY_LSApplicationCategoryType = "public.app-category.entertainment";
				INFOPLIST_KEY_UIApplicationSupportsIndirectInputEvents = YES;
				INFOPLIST_KEY_UILaunchStoryboardName = LaunchScreen;
				INFOPLIST_KEY_UISupportedInterfaceOrientations = UIInterfaceOrientationPortrait;
				INFOPLIST_KEY_UISupportedInterfaceOrientations_iPad = "UIInterfaceOrientationLandscapeLeft UIInterfaceOrientationLandscapeRight UIInterfaceOrientationPortrait UIInterfaceOrientationPortraitUpsideDown";
				LD_RUNPATH_SEARCH_PATHS = (
					"$(inherited)",
					"@executable_path/Frameworks",
				);
				MARKETING_VERSION = 1.0;
				PRODUCT_BUNDLE_IDENTIFIER = ru.artlabe.team.Tracker;
				PRODUCT_NAME = "$(TARGET_NAME)";
				SUPPORTED_PLATFORMS = "iphoneos iphonesimulator";
				SUPPORTS_MACCATALYST = NO;
				SUPPORTS_MAC_DESIGNED_FOR_IPHONE_IPAD = NO;
				SUPPORTS_XR_DESIGNED_FOR_IPHONE_IPAD = NO;
				SWIFT_EMIT_LOC_STRINGS = YES;
				SWIFT_VERSION = 5.0;
				TARGETED_DEVICE_FAMILY = 1;
			};
			name = Release;
		};
/* End XCBuildConfiguration section */

/* Begin XCConfigurationList section */
		90DE58562C0A655400351750 /* Build configuration list for PBXProject "Tracker" */ = {
			isa = XCConfigurationList;
			buildConfigurations = (
				90DE586D2C0A655600351750 /* Debug */,
				90DE586E2C0A655600351750 /* Release */,
			);
			defaultConfigurationIsVisible = 0;
			defaultConfigurationName = Release;
		};
		90DE586F2C0A655600351750 /* Build configuration list for PBXNativeTarget "Tracker" */ = {
			isa = XCConfigurationList;
			buildConfigurations = (
				90DE58702C0A655600351750 /* Debug */,
				90DE58712C0A655600351750 /* Release */,
			);
			defaultConfigurationIsVisible = 0;
			defaultConfigurationName = Release;
		};
/* End XCConfigurationList section */

/* Begin XCVersionGroup section */
		9F8F58CF2C4A49C700A2CA34 /* TrackerCoreData.xcdatamodeld */ = {
			isa = XCVersionGroup;
			children = (
				9F8F58D02C4A49C700A2CA34 /* TrackerCoreData.xcdatamodel */,
			);
			currentVersion = 9F8F58D02C4A49C700A2CA34 /* TrackerCoreData.xcdatamodel */;
			path = TrackerCoreData.xcdatamodeld;
			sourceTree = "<group>";
			versionGroupType = wrapper.xcdatamodel;
		};
/* End XCVersionGroup section */
	};
	rootObject = 90DE58532C0A655400351750 /* Project object */;
}
